
Microsoft Visual Studio Solution File, Format Version 12.00
# Visual Studio Version 17
VisualStudioVersion = 17.1.32328.378
MinimumVisualStudioVersion = 10.0.40219.1
Project("{8BC9CEB8-8B4A-11D0-8D11-00A0C91BC942}") = "Week5_Homework1", "Week5_Homework1\Week5_Homework1.vcxproj", "{F727159D-EC31-4F2A-BAE2-EED328EF9D71}"
EndProject
Global
	GlobalSection(SolutionConfigurationPlatforms) = preSolution
		Debug|x64 = Debug|x64
		Debug|x86 = Debug|x86
		Release|x64 = Release|x64
		Release|x86 = Release|x86
	EndGlobalSection
	GlobalSection(ProjectConfigurationPlatforms) = postSolution
		{F727159D-EC31-4F2A-BAE2-EED328EF9D71}.Debug|x64.ActiveCfg = Debug|x64
		{F727159D-EC31-4F2A-BAE2-EED328EF9D71}.Debug|x64.Build.0 = Debug|x64
		{F727159D-EC31-4F2A-BAE2-EED328EF9D71}.Debug|x86.ActiveCfg = Debug|Win32
		{F727159D-EC31-4F2A-BAE2-EED328EF9D71}.Debug|x86.Build.0 = Debug|Win32
		{F727159D-EC31-4F2A-BAE2-EED328EF9D71}.Release|x64.ActiveCfg = Release|x64
		{F727159D-EC31-4F2A-BAE2-EED328EF9D71}.Release|x64.Build.0 = Release|x64
		{F727159D-EC31-4F2A-BAE2-EED328EF9D71}.Release|x86.ActiveCfg = Release|Win32
		{F727159D-EC31-4F2A-BAE2-EED328EF9D71}.Release|x86.Build.0 = Release|Win32
	EndGlobalSection
	GlobalSection(SolutionProperties) = preSolution
		HideSolutionNode = FALSE
	EndGlobalSection
	GlobalSection(ExtensibilityGlobals) = postSolution
		SolutionGuid = {99DFE048-CAED-4E09-AE4E-6965D3B5A5B2}
	EndGlobalSection
EndGlobal
